PODS:
  - awesome_notifications (0.10.0):
    - Flutter
    - IosAwnCore (~> 0.10.0)
  - Flutter (1.0.0)
  - IosAwnCore (0.10.0)
  - opus_flutter_ios (0.0.2):
    - Flutter
  - permission_handler_apple (9.3.0):
    - Flutter
  - sherpa_onnx_ios (1.12.19):
    - Flutter

DEPENDENCIES:
  - awesome_notifications (from `.symlinks/plugins/awesome_notifications/ios`)
  - Flutter (from `Flutter`)
  - opus_flutter_ios (from `.symlinks/plugins/opus_flutter_ios/ios`)
  - permission_handler_apple (from `.symlinks/plugins/permission_handler_apple/ios`)
  - sherpa_onnx_ios (from `.symlinks/plugins/sherpa_onnx_ios/ios`)

SPEC REPOS:
  trunk:
    - IosAwnCore

EXTERNAL SOURCES:
  awesome_notifications:
    :path: ".symlinks/plugins/awesome_notifications/ios"
  Flutter:
    :path: Flutter
  opus_flutter_ios:
    :path: ".symlinks/plugins/opus_flutter_ios/ios"
  permission_handler_apple:
    :path: ".symlinks/plugins/permission_handler_apple/ios"
  sherpa_onnx_ios:
    :path: ".symlinks/plugins/sherpa_onnx_ios/ios"

SPEC CHECKSUMS:
  awesome_notifications: 0f432b28098d193920b11a44cfa9d2d9313a3888
  Flutter: 71a624a5bc0c04062bf19101d501e466baf2fb47
  IosAwnCore: 653786a911089012092ce831f2945cd339855a89
  opus_flutter_ios: 6c80747e297077787910a39146d698a15a37c82a
  permission_handler_apple: 4ed2196e43d0651e8ff7ca3483a069d469701f2d
  sherpa_onnx_ios: 93661221a6977fc954e72eaed8ddd517f37c6a74

PODFILE CHECKSUM: 8ad1911d1931c854c7c6b9f643761f52ad3efce0

COCOAPODS: 1.17.0
